// !$*UTF8*$!
{
	archiveVersion = 1;
	classes = {
	};
	objectVersion = 56;
	objects = {

/* Begin PBXBuildFile section */
		F38CB1702A254B870013FA26 /* DictionaryPlusView.swift in Sources */ = {isa = PBXBuildFile; fileRef = F38CB16B2A254B860013FA26 /* DictionaryPlusView.swift */; };
		F38CB1712A254B870013FA26 /* Container VM.swift in Sources */ = {isa = PBXBuildFile; fileRef = F38CB16C2A254B860013FA26 /* Container VM.swift */; };
		F38CB1722A254B870013FA26 /* Container.swift in Sources */ = {isa = PBXBuildFile; fileRef = F38CB16D2A254B860013FA26 /* Container.swift */; };
		F38CB1732A254B870013FA26 /* VerbsHome.swift in Sources */ = {isa = PBXBuildFile; fileRef = F38CB16E2A254B860013FA26 /* VerbsHome.swift */; };
		F38CB1742A254B870013FA26 /* DictionaryView.swift in Sources */ = {isa = PBXBuildFile; fileRef = F38CB16F2A254B870013FA26 /* DictionaryView.swift */; };
		F393C7C22A18A62E00DE33F9 /* GptModel.swift in Sources */ = {isa = PBXBuildFile; fileRef = F393C7C12A18A62E00DE33F9 /* GptModel.swift */; };
		F3A3917229DB27B900591C84 /* MultitoolApp.swift in Sources */ = {isa = PBXBuildFile; fileRef = F3A3917129DB27B900591C84 /* MultitoolApp.swift */; };
		F3A3917429DB27B900591C84 /* AppContainer.swift in Sources */ = {isa = PBXBuildFile; fileRef = F3A3917329DB27B900591C84 /* AppContainer.swift */; };
		F3A3917629DB27BA00591C84 /* Assets.xcassets in Resources */ = {isa = PBXBuildFile; fileRef = F3A3917529DB27BA00591C84 /* Assets.xcassets */; };
		F3A3919C29DB294000591C84 /* HomeView.swift in Sources */ = {isa = PBXBuildFile; fileRef = F3A3919B29DB294000591C84 /* HomeView.swift */; };
		F3A3919E29DB299800591C84 /* HomeButton.swift in Sources */ = {isa = PBXBuildFile; fileRef = F3A3919D29DB299800591C84 /* HomeButton.swift */; };
		F3A391A129DB2AA800591C84 /* ScrechKit in Frameworks */ = {isa = PBXBuildFile; productRef = F3A391A029DB2AA800591C84 /* ScrechKit */; };
		F3A391A329DB314900591C84 /* HomeButton Model.swift in Sources */ = {isa = PBXBuildFile; fileRef = F3A391A229DB314900591C84 /* HomeButton Model.swift */; };
		F3A391A529DB328600591C84 /* ChatGptParent.swift in Sources */ = {isa = PBXBuildFile; fileRef = F3A391A429DB328600591C84 /* ChatGptParent.swift */; };
		F3A391A829DB38B900591C84 /* ChatGptVM.swift in Sources */ = {isa = PBXBuildFile; fileRef = F3A391A729DB38B900591C84 /* ChatGptVM.swift */; };
		F3A391AA29DB392700591C84 /* UserSettings.swift in Sources */ = {isa = PBXBuildFile; fileRef = F3A391A929DB392700591C84 /* UserSettings.swift */; };
		F3A391AC29DB39F500591C84 /* ChatGpt.swift in Sources */ = {isa = PBXBuildFile; fileRef = F3A391AB29DB39F500591C84 /* ChatGpt.swift */; };
		F3A391AE29DB3A6F00591C84 /* ChatGptIntro.swift in Sources */ = {isa = PBXBuildFile; fileRef = F3A391AD29DB3A6F00591C84 /* ChatGptIntro.swift */; };
		F3A391B029DB3CBB00591C84 /* ChatGptIntroVM.swift in Sources */ = {isa = PBXBuildFile; fileRef = F3A391AF29DB3CBB00591C84 /* ChatGptIntroVM.swift */; };
		F3A391B329DB432500591C84 /* GPT List Models API.swift in Sources */ = {isa = PBXBuildFile; fileRef = F3A391B229DB432500591C84 /* GPT List Models API.swift */; };
		F3A391B529DB439400591C84 /* Create Request.swift in Sources */ = {isa = PBXBuildFile; fileRef = F3A391B429DB439400591C84 /* Create Request.swift */; };
		F3A391B729DB44E600591C84 /* Errors.swift in Sources */ = {isa = PBXBuildFile; fileRef = F3A391B629DB44E600591C84 /* Errors.swift */; };
/* End PBXBuildFile section */

/* Begin PBXFileReference section */
		F38CB16B2A254B860013FA26 /* DictionaryPlusView.swift */ = {isa = PBXFileReference; fileEncoding = 4; lastKnownFileType = sourcecode.swift; path = DictionaryPlusView.swift; sourceTree = "<group>"; };
		F38CB16C2A254B860013FA26 /* Container VM.swift */ = {isa = PBXFileReference; fileEncoding = 4; lastKnownFileType = sourcecode.swift; path = "Container VM.swift"; sourceTree = "<group>"; };
		F38CB16D2A254B860013FA26 /* Container.swift */ = {isa = PBXFileReference; fileEncoding = 4; lastKnownFileType = sourcecode.swift; path = Container.swift; sourceTree = "<group>"; };
		F38CB16E2A254B860013FA26 /* VerbsHome.swift */ = {isa = PBXFileReference; fileEncoding = 4; lastKnownFileType = sourcecode.swift; path = VerbsHome.swift; sourceTree = "<group>"; };
		F38CB16F2A254B870013FA26 /* DictionaryView.swift */ = {isa = PBXFileReference; fileEncoding = 4; lastKnownFileType = sourcecode.swift; path = DictionaryView.swift; sourceTree = "<group>"; };
		F393C7C12A18A62E00DE33F9 /* GptModel.swift */ = {isa = PBXFileReference; lastKnownFileType = sourcecode.swift; path = GptModel.swift; sourceTree = "<group>"; };
		F3A3916E29DB27B900591C84 /* Multitool.app */ = {isa = PBXFileReference; explicitFileType = wrapper.application; includeInIndex = 0; path = Multitool.app; sourceTree = BUILT_PRODUCTS_DIR; };
		F3A3917129DB27B900591C84 /* MultitoolApp.swift */ = {isa = PBXFileReference; lastKnownFileType = sourcecode.swift; path = MultitoolApp.swift; sourceTree = "<group>"; };
		F3A3917329DB27B900591C84 /* AppContainer.swift */ = {isa = PBXFileReference; lastKnownFileType = sourcecode.swift; path = AppContainer.swift; sourceTree = "<group>"; };
		F3A3917529DB27BA00591C84 /* Assets.xcassets */ = {isa = PBXFileReference; lastKnownFileType = folder.assetcatalog; path = Assets.xcassets; sourceTree = "<group>"; };
		F3A3919B29DB294000591C84 /* HomeView.swift */ = {isa = PBXFileReference; lastKnownFileType = sourcecode.swift; path = HomeView.swift; sourceTree = "<group>"; };
		F3A3919D29DB299800591C84 /* HomeButton.swift */ = {isa = PBXFileReference; lastKnownFileType = sourcecode.swift; path = HomeButton.swift; sourceTree = "<group>"; };
		F3A391A229DB314900591C84 /* HomeButton Model.swift */ = {isa = PBXFileReference; lastKnownFileType = sourcecode.swift; path = "HomeButton Model.swift"; sourceTree = "<group>"; };
		F3A391A429DB328600591C84 /* ChatGptParent.swift */ = {isa = PBXFileReference; lastKnownFileType = sourcecode.swift; path = ChatGptParent.swift; sourceTree = "<group>"; };
		F3A391A729DB38B900591C84 /* ChatGptVM.swift */ = {isa = PBXFileReference; lastKnownFileType = sourcecode.swift; path = ChatGptVM.swift; sourceTree = "<group>"; };
		F3A391A929DB392700591C84 /* UserSettings.swift */ = {isa = PBXFileReference; lastKnownFileType = sourcecode.swift; path = UserSettings.swift; sourceTree = "<group>"; };
		F3A391AB29DB39F500591C84 /* ChatGpt.swift */ = {isa = PBXFileReference; lastKnownFileType = sourcecode.swift; path = ChatGpt.swift; sourceTree = "<group>"; };
		F3A391AD29DB3A6F00591C84 /* ChatGptIntro.swift */ = {isa = PBXFileReference; lastKnownFileType = sourcecode.swift; path = ChatGptIntro.swift; sourceTree = "<group>"; };
		F3A391AF29DB3CBB00591C84 /* ChatGptIntroVM.swift */ = {isa = PBXFileReference; lastKnownFileType = sourcecode.swift; path = ChatGptIntroVM.swift; sourceTree = "<group>"; };
		F3A391B229DB432500591C84 /* GPT List Models API.swift */ = {isa = PBXFileReference; lastKnownFileType = sourcecode.swift; path = "GPT List Models API.swift"; sourceTree = "<group>"; };
		F3A391B429DB439400591C84 /* Create Request.swift */ = {isa = PBXFileReference; lastKnownFileType = sourcecode.swift; path = "Create Request.swift"; sourceTree = "<group>"; };
		F3A391B629DB44E600591C84 /* Errors.swift */ = {isa = PBXFileReference; lastKnownFileType = sourcecode.swift; path = Errors.swift; sourceTree = "<group>"; };
		F3BD2FA32A2416F1003A02BD /* Info.plist */ = {isa = PBXFileReference; lastKnownFileType = text.plist; path = Info.plist; sourceTree = "<group>"; };
/* End PBXFileReference section */

/* Begin PBXFrameworksBuildPhase section */
		F3A3916B29DB27B900591C84 /* Frameworks */ = {
			isa = PBXFrameworksBuildPhase;
			buildActionMask = 2147483647;
			files = (
				F3A391A129DB2AA800591C84 /* ScrechKit in Frameworks */,
			);
			runOnlyForDeploymentPostprocessing = 0;
		};
/* End PBXFrameworksBuildPhase section */

/* Begin PBXGroup section */
		F38CB1752A254BB40013FA26 /* Irregular Verbs */ = {
			isa = PBXGroup;
			children = (
				F38CB16C2A254B860013FA26 /* Container VM.swift */,
				F38CB16D2A254B860013FA26 /* Container.swift */,
				F38CB16B2A254B860013FA26 /* DictionaryPlusView.swift */,
				F38CB16F2A254B870013FA26 /* DictionaryView.swift */,
				F38CB16E2A254B860013FA26 /* VerbsHome.swift */,
			);
			path = "Irregular Verbs";
			sourceTree = "<group>";
		};
		F3A07C282A240A09006F66E0 /* ChatGPT */ = {
			isa = PBXGroup;
			children = (
				F3A391AB29DB39F500591C84 /* ChatGpt.swift */,
				F3A391A729DB38B900591C84 /* ChatGptVM.swift */,
				F3A391A429DB328600591C84 /* ChatGptParent.swift */,
				F3A391AD29DB3A6F00591C84 /* ChatGptIntro.swift */,
				F3A391AF29DB3CBB00591C84 /* ChatGptIntroVM.swift */,
				F393C7C12A18A62E00DE33F9 /* GptModel.swift */,
			);
			path = ChatGPT;
			sourceTree = "<group>";
		};
		F3A3916529DB27B900591C84 = {
			isa = PBXGroup;
			children = (
				F3A3917029DB27B900591C84 /* Multitool */,
				F3A3916F29DB27B900591C84 /* Products */,
			);
			sourceTree = "<group>";
		};
		F3A3916F29DB27B900591C84 /* Products */ = {
			isa = PBXGroup;
			children = (
				F3A3916E29DB27B900591C84 /* Multitool.app */,
			);
			name = Products;
			sourceTree = "<group>";
		};
		F3A3917029DB27B900591C84 /* Multitool */ = {
			isa = PBXGroup;
			children = (
				F3A3917529DB27BA00591C84 /* Assets.xcassets */,
				F3BD2FA32A2416F1003A02BD /* Info.plist */,
				F3A3917129DB27B900591C84 /* MultitoolApp.swift */,
				F3A3917329DB27B900591C84 /* AppContainer.swift */,
				F3A391A929DB392700591C84 /* UserSettings.swift */,
				F3A391B829DB55CD00591C84 /* Networking */,
				F3C07B882A0AB82E0052BE88 /* Home */,
				F3A391A629DB329700591C84 /* Tools */,
			);
			path = Multitool;
			sourceTree = "<group>";
		};
		F3A391A629DB329700591C84 /* Tools */ = {
			isa = PBXGroup;
			children = (
				F3A07C282A240A09006F66E0 /* ChatGPT */,
				F38CB1752A254BB40013FA26 /* Irregular Verbs */,
			);
			path = Tools;
			sourceTree = "<group>";
		};
		F3A391B829DB55CD00591C84 /* Networking */ = {
			isa = PBXGroup;
			children = (
				F3A391B629DB44E600591C84 /* Errors.swift */,
				F3A391B429DB439400591C84 /* Create Request.swift */,
				F3A391B229DB432500591C84 /* GPT List Models API.swift */,
			);
			path = Networking;
			sourceTree = "<group>";
		};
		F3C07B882A0AB82E0052BE88 /* Home */ = {
			isa = PBXGroup;
			children = (
				F3A3919B29DB294000591C84 /* HomeView.swift */,
				F3A391A229DB314900591C84 /* HomeButton Model.swift */,
				F3A3919D29DB299800591C84 /* HomeButton.swift */,
			);
			path = Home;
			sourceTree = "<group>";
		};
/* End PBXGroup section */

/* Begin PBXNativeTarget section */
		F3A3916D29DB27B900591C84 /* Multitool */ = {
			isa = PBXNativeTarget;
			buildConfigurationList = F3A3919229DB27BA00591C84 /* Build configuration list for PBXNativeTarget "Multitool" */;
			buildPhases = (
				F3A3916A29DB27B900591C84 /* Sources */,
				F3A3916B29DB27B900591C84 /* Frameworks */,
				F3A3916C29DB27B900591C84 /* Resources */,
			);
			buildRules = (
			);
			dependencies = (
			);
			name = Multitool;
			packageProductDependencies = (
				F3A391A029DB2AA800591C84 /* ScrechKit */,
			);
			productName = Multitool;
			productReference = F3A3916E29DB27B900591C84 /* Multitool.app */;
			productType = "com.apple.product-type.application";
		};
/* End PBXNativeTarget section */

/* Begin PBXProject section */
		F3A3916629DB27B900591C84 /* Project object */ = {
			isa = PBXProject;
			attributes = {
				BuildIndependentTargetsInParallel = 1;
				LastSwiftUpdateCheck = 1430;
				LastUpgradeCheck = 1430;
				TargetAttributes = {
					F3A3916D29DB27B900591C84 = {
						CreatedOnToolsVersion = 14.3;
					};
				};
			};
			buildConfigurationList = F3A3916929DB27B900591C84 /* Build configuration list for PBXProject "Multitool" */;
			compatibilityVersion = "Xcode 14.0";
			developmentRegion = en;
			hasScannedForEncodings = 0;
			knownRegions = (
				en,
				Base,
			);
			mainGroup = F3A3916529DB27B900591C84;
			packageReferences = (
				F3A3919F29DB2AA800591C84 /* XCRemoteSwiftPackageReference "ScrechKit" */,
			);
			productRefGroup = F3A3916F29DB27B900591C84 /* Products */;
			projectDirPath = "";
			projectRoot = "";
			targets = (
				F3A3916D29DB27B900591C84 /* Multitool */,
			);
		};
/* End PBXProject section */

/* Begin PBXResourcesBuildPhase section */
		F3A3916C29DB27B900591C84 /* Resources */ = {
			isa = PBXResourcesBuildPhase;
			buildActionMask = 2147483647;
			files = (
				F3A3917629DB27BA00591C84 /* Assets.xcassets in Resources */,
			);
			runOnlyForDeploymentPostprocessing = 0;
		};
/* End PBXResourcesBuildPhase section */

/* Begin PBXSourcesBuildPhase section */
		F3A3916A29DB27B900591C84 /* Sources */ = {
			isa = PBXSourcesBuildPhase;
			buildActionMask = 2147483647;
			files = (
				F3A3917429DB27B900591C84 /* AppContainer.swift in Sources */,
				F3A3919E29DB299800591C84 /* HomeButton.swift in Sources */,
				F3A3919C29DB294000591C84 /* HomeView.swift in Sources */,
				F3A391B329DB432500591C84 /* GPT List Models API.swift in Sources */,
				F38CB1742A254B870013FA26 /* DictionaryView.swift in Sources */,
				F3A391B529DB439400591C84 /* Create Request.swift in Sources */,
				F3A391A529DB328600591C84 /* ChatGptParent.swift in Sources */,
				F3A391B729DB44E600591C84 /* Errors.swift in Sources */,
				F38CB1722A254B870013FA26 /* Container.swift in Sources */,
				F3A391A329DB314900591C84 /* HomeButton Model.swift in Sources */,
				F38CB1702A254B870013FA26 /* DictionaryPlusView.swift in Sources */,
				F3A391AA29DB392700591C84 /* UserSettings.swift in Sources */,
				F3A3917229DB27B900591C84 /* MultitoolApp.swift in Sources */,
				F3A391A829DB38B900591C84 /* ChatGptVM.swift in Sources */,
				F393C7C22A18A62E00DE33F9 /* GptModel.swift in Sources */,
				F3A391B029DB3CBB00591C84 /* ChatGptIntroVM.swift in Sources */,
				F3A391AE29DB3A6F00591C84 /* ChatGptIntro.swift in Sources */,
				F38CB1712A254B870013FA26 /* Container VM.swift in Sources */,
				F3A391AC29DB39F500591C84 /* ChatGpt.swift in Sources */,
				F38CB1732A254B870013FA26 /* VerbsHome.swift in Sources */,
			);
			runOnlyForDeploymentPostprocessing = 0;
		};
/* End PBXSourcesBuildPhase section */

/* Begin XCBuildConfiguration section */
		F3A3919029DB27BA00591C84 /* Debug */ = {
			isa = XCBuildConfiguration;
			buildSettings = {
				ALWAYS_SEARCH_USER_PATHS = NO;
				CLANG_ANALYZER_NONNULL = YES;
				CLANG_ANALYZER_NUMBER_OBJECT_CONVERSION = YES_AGGRESSIVE;
				CLANG_CXX_LANGUAGE_STANDARD = "gnu++20";
				CLANG_ENABLE_MODULES = YES;
				CLANG_ENABLE_OBJC_ARC = YES;
				CLANG_ENABLE_OBJC_WEAK = YES;
				CLANG_WARN_BLOCK_CAPTURE_AUTORELEASING = YES;
				CLANG_WARN_BOOL_CONVERSION = YES;
				CLANG_WARN_COMMA = YES;
				CLANG_WARN_CONSTANT_CONVERSION = YES;
				CLANG_WARN_DEPRECATED_OBJC_IMPLEMENTATIONS = YES;
				CLANG_WARN_DIRECT_OBJC_ISA_USAGE = YES_ERROR;
				CLANG_WARN_DOCUMENTATION_COMMENTS = YES;
				CLANG_WARN_EMPTY_BODY = YES;
				CLANG_WARN_ENUM_CONVERSION = YES;
				CLANG_WARN_INFINITE_RECURSION = YES;
				CLANG_WARN_INT_CONVERSION = YES;
				CLANG_WARN_NON_LITERAL_NULL_CONVERSION = YES;
				CLANG_WARN_OBJC_IMPLICIT_RETAIN_SELF = YES;
				CLANG_WARN_OBJC_LITERAL_CONVERSION = YES;
				CLANG_WARN_OBJC_ROOT_CLASS = YES_ERROR;
				CLANG_WARN_QUOTED_INCLUDE_IN_FRAMEWORK_HEADER = YES;
				CLANG_WARN_RANGE_LOOP_ANALYSIS = YES;
				CLANG_WARN_STRICT_PROTOTYPES = YES;
				CLANG_WARN_SUSPICIOUS_MOVE = YES;
				CLANG_WARN_UNGUARDED_AVAILABILITY = YES_AGGRESSIVE;
				CLANG_WARN_UNREACHABLE_CODE = YES;
				CLANG_WARN__DUPLICATE_METHOD_MATCH = YES;
				COPY_PHASE_STRIP = NO;
				DEBUG_INFORMATION_FORMAT = dwarf;
				ENABLE_STRICT_OBJC_MSGSEND = YES;
				ENABLE_TESTABILITY = YES;
				GCC_C_LANGUAGE_STANDARD = gnu11;
				GCC_DYNAMIC_NO_PIC = NO;
				GCC_NO_COMMON_BLOCKS = YES;
				GCC_OPTIMIZATION_LEVEL = 0;
				GCC_PREPROCESSOR_DEFINITIONS = (
					"DEBUG=1",
					"$(inherited)",
				);
				GCC_WARN_64_TO_32_BIT_CONVERSION = YES;
				GCC_WARN_ABOUT_RETURN_TYPE = YES_ERROR;
				GCC_WARN_UNDECLARED_SELECTOR = YES;
				GCC_WARN_UNINITIALIZED_AUTOS = YES_AGGRESSIVE;
				GCC_WARN_UNUSED_FUNCTION = YES;
				GCC_WARN_UNUSED_VARIABLE = YES;
				IPHONEOS_DEPLOYMENT_TARGET = 16.1;
				MTL_ENABLE_DEBUG_INFO = INCLUDE_SOURCE;
				MTL_FAST_MATH = YES;
				ONLY_ACTIVE_ARCH = YES;
				SDKROOT = iphoneos;
				SWIFT_ACTIVE_COMPILATION_CONDITIONS = DEBUG;
				SWIFT_OPTIMIZATION_LEVEL = "-Onone";
			};
			name = Debug;
		};
		F3A3919129DB27BA00591C84 /* Release */ = {
			isa = XCBuildConfiguration;
			buildSettings = {
				ALWAYS_SEARCH_USER_PATHS = NO;
				CLANG_ANALYZER_NONNULL = YES;
				CLANG_ANALYZER_NUMBER_OBJECT_CONVERSION = YES_AGGRESSIVE;
				CLANG_CXX_LANGUAGE_STANDARD = "gnu++20";
				CLANG_ENABLE_MODULES = YES;
				CLANG_ENABLE_OBJC_ARC = YES;
				CLANG_ENABLE_OBJC_WEAK = YES;
				CLANG_WARN_BLOCK_CAPTURE_AUTORELEASING = YES;
				CLANG_WARN_BOOL_CONVERSION = YES;
				CLANG_WARN_COMMA = YES;
				CLANG_WARN_CONSTANT_CONVERSION = YES;
				CLANG_WARN_DEPRECATED_OBJC_IMPLEMENTATIONS = YES;
				CLANG_WARN_DIRECT_OBJC_ISA_USAGE = YES_ERROR;
				CLANG_WARN_DOCUMENTATION_COMMENTS = YES;
				CLANG_WARN_EMPTY_BODY = YES;
				CLANG_WARN_ENUM_CONVERSION = YES;
				CLANG_WARN_INFINITE_RECURSION = YES;
				CLANG_WARN_INT_CONVERSION = YES;
				CLANG_WARN_NON_LITERAL_NULL_CONVERSION = YES;
				CLANG_WARN_OBJC_IMPLICIT_RETAIN_SELF = YES;
				CLANG_WARN_OBJC_LITERAL_CONVERSION = YES;
				CLANG_WARN_OBJC_ROOT_CLASS = YES_ERROR;
				CLANG_WARN_QUOTED_INCLUDE_IN_FRAMEWORK_HEADER = YES;
				CLANG_WARN_RANGE_LOOP_ANALYSIS = YES;
				CLANG_WARN_STRICT_PROTOTYPES = YES;
				CLANG_WARN_SUSPICIOUS_MOVE = YES;
				CLANG_WARN_UNGUARDED_AVAILABILITY = YES_AGGRESSIVE;
				CLANG_WARN_UNREACHABLE_CODE = YES;
				CLANG_WARN__DUPLICATE_METHOD_MATCH = YES;
				COPY_PHASE_STRIP = NO;
				DEBUG_INFORMATION_FORMAT = "dwarf-with-dsym";
				ENABLE_NS_ASSERTIONS = NO;
				ENABLE_STRICT_OBJC_MSGSEND = YES;
				GCC_C_LANGUAGE_STANDARD = gnu11;
				GCC_NO_COMMON_BLOCKS = YES;
				GCC_WARN_64_TO_32_BIT_CONVERSION = YES;
				GCC_WARN_ABOUT_RETURN_TYPE = YES_ERROR;
				GCC_WARN_UNDECLARED_SELECTOR = YES;
				GCC_WARN_UNINITIALIZED_AUTOS = YES_AGGRESSIVE;
				GCC_WARN_UNUSED_FUNCTION = YES;
				GCC_WARN_UNUSED_VARIABLE = YES;
				IPHONEOS_DEPLOYMENT_TARGET = 16.1;
				MTL_ENABLE_DEBUG_INFO = NO;
				MTL_FAST_MATH = YES;
				SDKROOT = iphoneos;
				SWIFT_COMPILATION_MODE = wholemodule;
				SWIFT_OPTIMIZATION_LEVEL = "-O";
				VALIDATE_PRODUCT = YES;
			};
			name = Release;
		};
		F3A3919329DB27BA00591C84 /* Debug */ = {
			isa = XCBuildConfiguration;
			buildSettings = {
				ASSETCATALOG_COMPILER_APPICON_NAME = AppIcon;
				ASSETCATALOG_COMPILER_GLOBAL_ACCENT_COLOR_NAME = AccentColor;
				CODE_SIGN_STYLE = Automatic;
				CURRENT_PROJECT_VERSION = 0;
				DEVELOPMENT_ASSET_PATHS = "";
				DEVELOPMENT_TEAM = 8FQUA2F388;
				ENABLE_PREVIEWS = YES;
				GENERATE_INFOPLIST_FILE = YES;
				INFOPLIST_FILE = Multitool/Info.plist;
				INFOPLIST_KEY_CFBundleDisplayName = "AI Multitool";
				INFOPLIST_KEY_LSApplicationCategoryType = "public.app-category.utilities";
				INFOPLIST_KEY_UIApplicationSceneManifest_Generation = YES;
				INFOPLIST_KEY_UIApplicationSupportsIndirectInputEvents = YES;
				INFOPLIST_KEY_UILaunchScreen_Generation = YES;
				INFOPLIST_KEY_UISupportedInterfaceOrientations = "UIInterfaceOrientationLandscapeLeft UIInterfaceOrientationLandscapeRight UIInterfaceOrientationPortrait UIInterfaceOrientationPortraitUpsideDown";
				IPHONEOS_DEPLOYMENT_TARGET = 16.1;
				LD_RUNPATH_SEARCH_PATHS = (
					"$(inherited)",
					"@executable_path/Frameworks",
				);
				MARKETING_VERSION = 0.9;
				PRODUCT_BUNDLE_IDENTIFIER = "dev.topscrech.AI-Multitool";
				PRODUCT_NAME = "$(TARGET_NAME)";
				SUPPORTED_PLATFORMS = "iphoneos iphonesimulator";
				SUPPORTS_MACCATALYST = NO;
				SUPPORTS_MAC_DESIGNED_FOR_IPHONE_IPAD = YES;
				SWIFT_EMIT_LOC_STRINGS = YES;
				SWIFT_VERSION = 5.0;
				TARGETED_DEVICE_FAMILY = "1,2";
			};
			name = Debug;
		};
		F3A3919429DB27BA00591C84 /* Release */ = {
			isa = XCBuildConfiguration;
			buildSettings = {
				ASSETCATALOG_COMPILER_APPICON_NAME = AppIcon;
				ASSETCATALOG_COMPILER_GLOBAL_ACCENT_COLOR_NAME = AccentColor;
				CODE_SIGN_STYLE = Automatic;
				CURRENT_PROJECT_VERSION = 0;
				DEVELOPMENT_ASSET_PATHS = "";
				DEVELOPMENT_TEAM = 8FQUA2F388;
				ENABLE_PREVIEWS = YES;
				GENERATE_INFOPLIST_FILE = YES;
				INFOPLIST_FILE = Multitool/Info.plist;
				INFOPLIST_KEY_CFBundleDisplayName = "AI Multitool";
				INFOPLIST_KEY_LSApplicationCategoryType = "public.app-category.utilities";
				INFOPLIST_KEY_UIApplicationSceneManifest_Generation = YES;
				INFOPLIST_KEY_UIApplicationSupportsIndirectInputEvents = YES;
				INFOPLIST_KEY_UILaunchScreen_Generation = YES;
				INFOPLIST_KEY_UISupportedInterfaceOrientations = "UIInterfaceOrientationLandscapeLeft UIInterfaceOrientationLandscapeRight UIInterfaceOrientationPortrait UIInterfaceOrientationPortraitUpsideDown";
				IPHONEOS_DEPLOYMENT_TARGET = 16.1;
				LD_RUNPATH_SEARCH_PATHS = (
					"$(inherited)",
					"@executable_path/Frameworks",
				);
				MARKETING_VERSION = 0.9;
				PRODUCT_BUNDLE_IDENTIFIER = "dev.topscrech.AI-Multitool";
				PRODUCT_NAME = "$(TARGET_NAME)";
				SUPPORTED_PLATFORMS = "iphoneos iphonesimulator";
				SUPPORTS_MACCATALYST = NO;
				SUPPORTS_MAC_DESIGNED_FOR_IPHONE_IPAD = YES;
				SWIFT_EMIT_LOC_STRINGS = YES;
				SWIFT_VERSION = 5.0;
				TARGETED_DEVICE_FAMILY = "1,2";
			};
			name = Release;
		};
/* End XCBuildConfiguration section */

/* Begin XCConfigurationList section */
		F3A3916929DB27B900591C84 /* Build configuration list for PBXProject "Multitool" */ = {
			isa = XCConfigurationList;
			buildConfigurations = (
				F3A3919029DB27BA00591C84 /* Debug */,
				F3A3919129DB27BA00591C84 /* Release */,
			);
			defaultConfigurationIsVisible = 0;
			defaultConfigurationName = Release;
		};
		F3A3919229DB27BA00591C84 /* Build configuration list for PBXNativeTarget "Multitool" */ = {
			isa = XCConfigurationList;
			buildConfigurations = (
				F3A3919329DB27BA00591C84 /* Debug */,
				F3A3919429DB27BA00591C84 /* Release */,
			);
			defaultConfigurationIsVisible = 0;
			defaultConfigurationName = Release;
		};
/* End XCConfigurationList section */

/* Begin XCRemoteSwiftPackageReference section */
		F3A3919F29DB2AA800591C84 /* XCRemoteSwiftPackageReference "ScrechKit" */ = {
			isa = XCRemoteSwiftPackageReference;
			repositoryURL = "https://github.com/TopScrech/ScrechKit";
			requirement = {
				branch = main;
				kind = branch;
			};
		};
/* End XCRemoteSwiftPackageReference section */

/* Begin XCSwiftPackageProductDependency section */
		F3A391A029DB2AA800591C84 /* ScrechKit */ = {
			isa = XCSwiftPackageProductDependency;
			package = F3A3919F29DB2AA800591C84 /* XCRemoteSwiftPackageReference "ScrechKit" */;
			productName = ScrechKit;
		};
/* End XCSwiftPackageProductDependency section */
	};
	rootObject = F3A3916629DB27B900591C84 /* Project object */;
}
